PODS:
  - Expecta (0.3.0)
  - Expecta+ContainerClasses (1.0.1):
    - Expecta (~> 0.3)

DEPENDENCIES:
  - Expecta (~> 0.3)
  - Expecta+ContainerClasses (from `./Expecta+ContainerClasses.podspec`)

EXTERNAL SOURCES:
  Expecta+ContainerClasses:
    :path: ./Expecta+ContainerClasses.podspec

SPEC CHECKSUMS:
  Expecta: 322f1dc42610106a5ba9871b4924cf1635d80833
  Expecta+ContainerClasses: 6b95aca7c72fc0b1dfe656266d3ba7b5cf0770aa

COCOAPODS: 0.29.0
