PODS:
  - Expecta (1.0.2)
  - Expecta+ContainerClasses (1.0.2):
    - Expecta

DEPENDENCIES:
  - Expecta
  - Expecta+ContainerClasses (from `./Expecta+ContainerClasses.podspec`)

EXTERNAL SOURCES:
  Expecta+ContainerClasses:
    :path: "./Expecta+ContainerClasses.podspec"

SPEC CHECKSUMS:
  Expecta: 54e8a3530add08f4f0208c111355eda7cde74a53
  Expecta+ContainerClasses: 4ded3d82cae1d1e54ef4177f50e7bc2d616013da

COCOAPODS: 0.38.2
